
Microsoft Visual Studio Solution File, Format Version 12.00
# Visual Studio Version 16
VisualStudioVersion = 16.0.31605.320
MinimumVisualStudioVersion = 10.0.40219.1
Project("{FAE04EC0-301F-11D3-BF4B-00C04F79EFBC}") = "Comentarios", "Comentarios\Comentarios.csproj", "{4ACF5646-C134-4EA1-81FB-DBFA7331F759}"
EndProject
Global
	GlobalSection(SolutionConfigurationPlatforms) = preSolution
		Debug|Any CPU = Debug|Any CPU
		Release|Any CPU = Release|Any CPU
	EndGlobalSection
	GlobalSection(ProjectConfigurationPlatforms) = postSolution
		{4ACF5646-C134-4EA1-81FB-DBFA7331F759}.Debug|Any CPU.ActiveCfg = Debug|Any CPU
		{4ACF5646-C134-4EA1-81FB-DBFA7331F759}.Debug|Any CPU.Build.0 = Debug|Any CPU
		{4ACF5646-C134-4EA1-81FB-DBFA7331F759}.Release|Any CPU.ActiveCfg = Release|Any CPU
		{4ACF5646-C134-4EA1-81FB-DBFA7331F759}.Release|Any CPU.Build.0 = Release|Any CPU
	EndGlobalSection
	GlobalSection(SolutionProperties) = preSolution
		HideSolutionNode = FALSE
	EndGlobalSection
	GlobalSection(ExtensibilityGlobals) = postSolution
		SolutionGuid = {D84F5845-8668-450E-A80F-20A3F9406AC7}
	EndGlobalSection
EndGlobal
