
Microsoft Visual Studio Solution File, Format Version 12.00
# Visual Studio Version 16
VisualStudioVersion = 16.0.31605.320
MinimumVisualStudioVersion = 10.0.40219.1
Project("{FAE04EC0-301F-11D3-BF4B-00C04F79EFBC}") = "Variaveis", "Variaveis\Variaveis.csproj", "{1A47BD7B-3C97-46C4-A7F9-B7EEF1B6FF17}"
EndProject
Global
	GlobalSection(SolutionConfigurationPlatforms) = preSolution
		Debug|Any CPU = Debug|Any CPU
		Release|Any CPU = Release|Any CPU
	EndGlobalSection
	GlobalSection(ProjectConfigurationPlatforms) = postSolution
		{1A47BD7B-3C97-46C4-A7F9-B7EEF1B6FF17}.Debug|Any CPU.ActiveCfg = Debug|Any CPU
		{1A47BD7B-3C97-46C4-A7F9-B7EEF1B6FF17}.Debug|Any CPU.Build.0 = Debug|Any CPU
		{1A47BD7B-3C97-46C4-A7F9-B7EEF1B6FF17}.Release|Any CPU.ActiveCfg = Release|Any CPU
		{1A47BD7B-3C97-46C4-A7F9-B7EEF1B6FF17}.Release|Any CPU.Build.0 = Release|Any CPU
	EndGlobalSection
	GlobalSection(SolutionProperties) = preSolution
		HideSolutionNode = FALSE
	EndGlobalSection
	GlobalSection(ExtensibilityGlobals) = postSolution
		SolutionGuid = {1BA3D1F8-0F00-4F86-867B-143FF41E7103}
	EndGlobalSection
EndGlobal
