
Microsoft Visual Studio Solution File, Format Version 12.00
# Visual Studio Version 16
VisualStudioVersion = 16.0.31605.320
MinimumVisualStudioVersion = 10.0.40219.1
Project("{FAE04EC0-301F-11D3-BF4B-00C04F79EFBC}") = "Condicao", "Condicao\Condicao.csproj", "{42BD7C3D-9200-4C4D-809C-B5FB231B1844}"
EndProject
Global
	GlobalSection(SolutionConfigurationPlatforms) = preSolution
		Debug|Any CPU = Debug|Any CPU
		Release|Any CPU = Release|Any CPU
	EndGlobalSection
	GlobalSection(ProjectConfigurationPlatforms) = postSolution
		{42BD7C3D-9200-4C4D-809C-B5FB231B1844}.Debug|Any CPU.ActiveCfg = Debug|Any CPU
		{42BD7C3D-9200-4C4D-809C-B5FB231B1844}.Debug|Any CPU.Build.0 = Debug|Any CPU
		{42BD7C3D-9200-4C4D-809C-B5FB231B1844}.Release|Any CPU.ActiveCfg = Release|Any CPU
		{42BD7C3D-9200-4C4D-809C-B5FB231B1844}.Release|Any CPU.Build.0 = Release|Any CPU
	EndGlobalSection
	GlobalSection(SolutionProperties) = preSolution
		HideSolutionNode = FALSE
	EndGlobalSection
	GlobalSection(ExtensibilityGlobals) = postSolution
		SolutionGuid = {E1CBBD00-4A4B-424F-8555-48066B3EDE73}
	EndGlobalSection
EndGlobal
